
Microsoft Visual Studio Solution File, Format Version 12.00
# Visual Studio Version 17
VisualStudioVersion = 17.5.33627.172
MinimumVisualStudioVersion = 10.0.40219.1
Project("{9A19103F-16F7-4668-BE54-9A1E7A4F7556}") = "XtianBlazorApp.Server", "XtianBlazorApp\Server\XtianBlazorApp.Server.csproj", "{2F8C2E46-6961-4F7A-B4C4-78E08DC05ADF}"
EndProject
Project("{9A19103F-16F7-4668-BE54-9A1E7A4F7556}") = "XtianBlazorApp.Client", "XtianBlazorApp\Client\XtianBlazorApp.Client.csproj", "{D194E78B-61BD-49A6-8698-5C1B72DA7DDF}"
EndProject
Project("{9A19103F-16F7-4668-BE54-9A1E7A4F7556}") = "XtianBlazorApp.Shared", "XtianBlazorApp\Shared\XtianBlazorApp.Shared.csproj", "{D711467F-F959-4ECA-A233-29970428AAA6}"
EndProject
Global
	GlobalSection(SolutionConfigurationPlatforms) = preSolution
		Debug|Any CPU = Debug|Any CPU
		Release|Any CPU = Release|Any CPU
	EndGlobalSection
	GlobalSection(ProjectConfigurationPlatforms) = postSolution
		{2F8C2E46-6961-4F7A-B4C4-78E08DC05ADF}.Debug|Any CPU.ActiveCfg = Debug|Any CPU
		{2F8C2E46-6961-4F7A-B4C4-78E08DC05ADF}.Debug|Any CPU.Build.0 = Debug|Any CPU
		{2F8C2E46-6961-4F7A-B4C4-78E08DC05ADF}.Release|Any CPU.ActiveCfg = Release|Any CPU
		{2F8C2E46-6961-4F7A-B4C4-78E08DC05ADF}.Release|Any CPU.Build.0 = Release|Any CPU
		{D194E78B-61BD-49A6-8698-5C1B72DA7DDF}.Debug|Any CPU.ActiveCfg = Debug|Any CPU
		{D194E78B-61BD-49A6-8698-5C1B72DA7DDF}.Debug|Any CPU.Build.0 = Debug|Any CPU
		{D194E78B-61BD-49A6-8698-5C1B72DA7DDF}.Release|Any CPU.ActiveCfg = Release|Any CPU
		{D194E78B-61BD-49A6-8698-5C1B72DA7DDF}.Release|Any CPU.Build.0 = Release|Any CPU
		{D711467F-F959-4ECA-A233-29970428AAA6}.Debug|Any CPU.ActiveCfg = Debug|Any CPU
		{D711467F-F959-4ECA-A233-29970428AAA6}.Debug|Any CPU.Build.0 = Debug|Any CPU
		{D711467F-F959-4ECA-A233-29970428AAA6}.Release|Any CPU.ActiveCfg = Release|Any CPU
		{D711467F-F959-4ECA-A233-29970428AAA6}.Release|Any CPU.Build.0 = Release|Any CPU
	EndGlobalSection
	GlobalSection(SolutionProperties) = preSolution
		HideSolutionNode = FALSE
	EndGlobalSection
	GlobalSection(ExtensibilityGlobals) = postSolution
		SolutionGuid = {BA660512-2EC6-4172-8A7C-E9C3861CB8A9}
	EndGlobalSection
EndGlobal
